// !$*UTF8*$!
{
	archiveVersion = 1;
	classes = {
	};
	objectVersion = 48;
	objects = {

/* Begin PBXBuildFile section */
		1E484A541FBD18A3009D32DD /* AppDelegate.swift in Sources */ = {isa = PBXBuildFile; fileRef = 1E484A531FBD18A3009D32DD /* AppDelegate.swift */; };
		1E484A561FBD18A3009D32DD /* ViewController.swift in Sources */ = {isa = PBXBuildFile; fileRef = 1E484A551FBD18A3009D32DD /* ViewController.swift */; };
		1E484A591FBD18A3009D32DD /* Main.storyboard in Resources */ = {isa = PBXBuildFile; fileRef = 1E484A571FBD18A3009D32DD /* Main.storyboard */; };
		1E484A5B1FBD18A3009D32DD /* Assets.xcassets in Resources */ = {isa = PBXBuildFile; fileRef = 1E484A5A1FBD18A3009D32DD /* Assets.xcassets */; };
		1E484A5E1FBD18A3009D32DD /* LaunchScreen.storyboard in Resources */ = {isa = PBXBuildFile; fileRef = 1E484A5C1FBD18A3009D32DD /* LaunchScreen.storyboard */; };
		1E484A691FBD18A4009D32DD /* Swift4PlaygroundTests.swift in Sources */ = {isa = PBXBuildFile; fileRef = 1E484A681FBD18A4009D32DD /* Swift4PlaygroundTests.swift */; };
		1E484A741FBD18A4009D32DD /* Swift4PlaygroundUITests.swift in Sources */ = {isa = PBXBuildFile; fileRef = 1E484A731FBD18A4009D32DD /* Swift4PlaygroundUITests.swift */; };
		635438CCABD458EF2134A279 /* Pods_Swift4Playground.framework in Frameworks */ = {isa = PBXBuildFile; fileRef = 65FE798A087A27A2A7B706EC /* Pods_Swift4Playground.framework */; };
		E7C09BEA9936AF53F9F4D2C3 /* Pods_Swift4PlaygroundUITests.framework in Frameworks */ = {isa = PBXBuildFile; fileRef = B00674BA030A7818C4BABDC2 /* Pods_Swift4PlaygroundUITests.framework */; };
		F324A5CEE58CFBEA085F53AC /* Pods_Swift4PlaygroundTests.framework in Frameworks */ = {isa = PBXBuildFile; fileRef = B126734A06A91D6FD4FCD785 /* Pods_Swift4PlaygroundTests.framework */; };
/* End PBXBuildFile section */

/* Begin PBXContainerItemProxy section */
		1E484A651FBD18A4009D32DD /* PBXContainerItemProxy */ = {
			isa = PBXContainerItemProxy;
			containerPortal = 1E484A481FBD18A3009D32DD /* Project object */;
			proxyType = 1;
			remoteGlobalIDString = 1E484A4F1FBD18A3009D32DD;
			remoteInfo = Swift4Playground;
		};
		1E484A701FBD18A4009D32DD /* PBXContainerItemProxy */ = {
			isa = PBXContainerItemProxy;
			containerPortal = 1E484A481FBD18A3009D32DD /* Project object */;
			proxyType = 1;
			remoteGlobalIDString = 1E484A4F1FBD18A3009D32DD;
			remoteInfo = Swift4Playground;
		};
/* End PBXContainerItemProxy section */

/* Begin PBXFileReference section */
		1E484A501FBD18A3009D32DD /* Swift4Playground.app */ = {isa = PBXFileReference; explicitFileType = wrapper.application; includeInIndex = 0; path = Swift4Playground.app; sourceTree = BUILT_PRODUCTS_DIR; };
		1E484A531FBD18A3009D32DD /* AppDelegate.swift */ = {isa = PBXFileReference; lastKnownFileType = sourcecode.swift; path = AppDelegate.swift; sourceTree = "<group>"; };
		1E484A551FBD18A3009D32DD /* ViewController.swift */ = {isa = PBXFileReference; lastKnownFileType = sourcecode.swift; path = ViewController.swift; sourceTree = "<group>"; };
		1E484A581FBD18A3009D32DD /* Base */ = {isa = PBXFileReference; lastKnownFileType = file.storyboard; name = Base; path = Base.lproj/Main.storyboard; sourceTree = "<group>"; };
		1E484A5A1FBD18A3009D32DD /* Assets.xcassets */ = {isa = PBXFileReference; lastKnownFileType = folder.assetcatalog; path = Assets.xcassets; sourceTree = "<group>"; };
		1E484A5D1FBD18A3009D32DD /* Base */ = {isa = PBXFileReference; lastKnownFileType = file.storyboard; name = Base; path = Base.lproj/LaunchScreen.storyboard; sourceTree = "<group>"; };
		1E484A5F1FBD18A3009D32DD /* Info.plist */ = {isa = PBXFileReference; lastKnownFileType = text.plist.xml; path = Info.plist; sourceTree = "<group>"; };
		1E484A641FBD18A4009D32DD /* Swift4PlaygroundTests.xctest */ = {isa = PBXFileReference; explicitFileType = wrapper.cfbundle; includeInIndex = 0; path = Swift4PlaygroundTests.xctest; sourceTree = BUILT_PRODUCTS_DIR; };
		1E484A681FBD18A4009D32DD /* Swift4PlaygroundTests.swift */ = {isa = PBXFileReference; lastKnownFileType = sourcecode.swift; path = Swift4PlaygroundTests.swift; sourceTree = "<group>"; };
		1E484A6A1FBD18A4009D32DD /* Info.plist */ = {isa = PBXFileReference; lastKnownFileType = text.plist.xml; path = Info.plist; sourceTree = "<group>"; };
		1E484A6F1FBD18A4009D32DD /* Swift4PlaygroundUITests.xctest */ = {isa = PBXFileReference; explicitFileType = wrapper.cfbundle; includeInIndex = 0; path = Swift4PlaygroundUITests.xctest; sourceTree = BUILT_PRODUCTS_DIR; };
		1E484A731FBD18A4009D32DD /* Swift4PlaygroundUITests.swift */ = {isa = PBXFileReference; lastKnownFileType = sourcecode.swift; path = Swift4PlaygroundUITests.swift; sourceTree = "<group>"; };
		1E484A751FBD18A4009D32DD /* Info.plist */ = {isa = PBXFileReference; lastKnownFileType = text.plist.xml; path = Info.plist; sourceTree = "<group>"; };
		221F8F7207A63012DD98D44B /* Pods-Swift4PlaygroundTests.debug.xcconfig */ = {isa = PBXFileReference; includeInIndex = 1; lastKnownFileType = text.xcconfig; name = "Pods-Swift4PlaygroundTests.debug.xcconfig"; path = "Pods/Target Support Files/Pods-Swift4PlaygroundTests/Pods-Swift4PlaygroundTests.debug.xcconfig"; sourceTree = "<group>"; };
		2986BEDA6668F1244AADFEE4 /* Pods-Swift4Playground.debug.xcconfig */ = {isa = PBXFileReference; includeInIndex = 1; lastKnownFileType = text.xcconfig; name = "Pods-Swift4Playground.debug.xcconfig"; path = "Pods/Target Support Files/Pods-Swift4Playground/Pods-Swift4Playground.debug.xcconfig"; sourceTree = "<group>"; };
		3E0CBCE04FB932D1E4C94509 /* Pods-Swift4Playground.release.xcconfig */ = {isa = PBXFileReference; includeInIndex = 1; lastKnownFileType = text.xcconfig; name = "Pods-Swift4Playground.release.xcconfig"; path = "Pods/Target Support Files/Pods-Swift4Playground/Pods-Swift4Playground.release.xcconfig"; sourceTree = "<group>"; };
		6378ED96F1618D5F7F466E80 /* Pods-Swift4PlaygroundTests.release.xcconfig */ = {isa = PBXFileReference; includeInIndex = 1; lastKnownFileType = text.xcconfig; name = "Pods-Swift4PlaygroundTests.release.xcconfig"; path = "Pods/Target Support Files/Pods-Swift4PlaygroundTests/Pods-Swift4PlaygroundTests.release.xcconfig"; sourceTree = "<group>"; };
		65FE798A087A27A2A7B706EC /* Pods_Swift4Playground.framework */ = {isa = PBXFileReference; explicitFileType = wrapper.framework; includeInIndex = 0; path = Pods_Swift4Playground.framework; sourceTree = BUILT_PRODUCTS_DIR; };
		91CA2FB4EE4623451991B252 /* Pods-Swift4PlaygroundUITests.release.xcconfig */ = {isa = PBXFileReference; includeInIndex = 1; lastKnownFileType = text.xcconfig; name = "Pods-Swift4PlaygroundUITests.release.xcconfig"; path = "Pods/Target Support Files/Pods-Swift4PlaygroundUITests/Pods-Swift4PlaygroundUITests.release.xcconfig"; sourceTree = "<group>"; };
		9FA9454FC337925F47F1EFD9 /* Pods-Swift4PlaygroundUITests.debug.xcconfig */ = {isa = PBXFileReference; includeInIndex = 1; lastKnownFileType = text.xcconfig; name = "Pods-Swift4PlaygroundUITests.debug.xcconfig"; path = "Pods/Target Support Files/Pods-Swift4PlaygroundUITests/Pods-Swift4PlaygroundUITests.debug.xcconfig"; sourceTree = "<group>"; };
		B00674BA030A7818C4BABDC2 /* Pods_Swift4PlaygroundUITests.framework */ = {isa = PBXFileReference; explicitFileType = wrapper.framework; includeInIndex = 0; path = Pods_Swift4PlaygroundUITests.framework; sourceTree = BUILT_PRODUCTS_DIR; };
		B126734A06A91D6FD4FCD785 /* Pods_Swift4PlaygroundTests.framework */ = {isa = PBXFileReference; explicitFileType = wrapper.framework; includeInIndex = 0; path = Pods_Swift4PlaygroundTests.framework; sourceTree = BUILT_PRODUCTS_DIR; };
/* End PBXFileReference section */

/* Begin PBXFrameworksBuildPhase section */
		1E484A4D1FBD18A3009D32DD /* Frameworks */ = {
			isa = PBXFrameworksBuildPhase;
			buildActionMask = 2147483647;
			files = (
				635438CCABD458EF2134A279 /* Pods_Swift4Playground.framework in Frameworks */,
			);
			runOnlyForDeploymentPostprocessing = 0;
		};
		1E484A611FBD18A4009D32DD /* Frameworks */ = {
			isa = PBXFrameworksBuildPhase;
			buildActionMask = 2147483647;
			files = (
				F324A5CEE58CFBEA085F53AC /* Pods_Swift4PlaygroundTests.framework in Frameworks */,
			);
			runOnlyForDeploymentPostprocessing = 0;
		};
		1E484A6C1FBD18A4009D32DD /* Frameworks */ = {
			isa = PBXFrameworksBuildPhase;
			buildActionMask = 2147483647;
			files = (
				E7C09BEA9936AF53F9F4D2C3 /* Pods_Swift4PlaygroundUITests.framework in Frameworks */,
			);
			runOnlyForDeploymentPostprocessing = 0;
		};
/* End PBXFrameworksBuildPhase section */

/* Begin PBXGroup section */
		1E484A471FBD18A3009D32DD = {
			isa = PBXGroup;
			children = (
				1E484A521FBD18A3009D32DD /* Swift4Playground */,
				1E484A671FBD18A4009D32DD /* Swift4PlaygroundTests */,
				1E484A721FBD18A4009D32DD /* Swift4PlaygroundUITests */,
				1E484A511FBD18A3009D32DD /* Products */,
				BDBED8A472F3B7B3F2F672ED /* Pods */,
				8801AC597051AF31AF031ECC /* Frameworks */,
			);
			sourceTree = "<group>";
		};
		1E484A511FBD18A3009D32DD /* Products */ = {
			isa = PBXGroup;
			children = (
				1E484A501FBD18A3009D32DD /* Swift4Playground.app */,
				1E484A641FBD18A4009D32DD /* Swift4PlaygroundTests.xctest */,
				1E484A6F1FBD18A4009D32DD /* Swift4PlaygroundUITests.xctest */,
			);
			name = Products;
			sourceTree = "<group>";
		};
		1E484A521FBD18A3009D32DD /* Swift4Playground */ = {
			isa = PBXGroup;
			children = (
				1E484A531FBD18A3009D32DD /* AppDelegate.swift */,
				1E484A551FBD18A3009D32DD /* ViewController.swift */,
				1E484A571FBD18A3009D32DD /* Main.storyboard */,
				1E484A5A1FBD18A3009D32DD /* Assets.xcassets */,
				1E484A5C1FBD18A3009D32DD /* LaunchScreen.storyboard */,
				1E484A5F1FBD18A3009D32DD /* Info.plist */,
			);
			path = Swift4Playground;
			sourceTree = "<group>";
		};
		1E484A671FBD18A4009D32DD /* Swift4PlaygroundTests */ = {
			isa = PBXGroup;
			children = (
				1E484A681FBD18A4009D32DD /* Swift4PlaygroundTests.swift */,
				1E484A6A1FBD18A4009D32DD /* Info.plist */,
			);
			path = Swift4PlaygroundTests;
			sourceTree = "<group>";
		};
		1E484A721FBD18A4009D32DD /* Swift4PlaygroundUITests */ = {
			isa = PBXGroup;
			children = (
				1E484A731FBD18A4009D32DD /* Swift4PlaygroundUITests.swift */,
				1E484A751FBD18A4009D32DD /* Info.plist */,
			);
			path = Swift4PlaygroundUITests;
			sourceTree = "<group>";
		};
		8801AC597051AF31AF031ECC /* Frameworks */ = {
			isa = PBXGroup;
			children = (
				65FE798A087A27A2A7B706EC /* Pods_Swift4Playground.framework */,
				B126734A06A91D6FD4FCD785 /* Pods_Swift4PlaygroundTests.framework */,
				B00674BA030A7818C4BABDC2 /* Pods_Swift4PlaygroundUITests.framework */,
			);
			name = Frameworks;
			sourceTree = "<group>";
		};
		BDBED8A472F3B7B3F2F672ED /* Pods */ = {
			isa = PBXGroup;
			children = (
				2986BEDA6668F1244AADFEE4 /* Pods-Swift4Playground.debug.xcconfig */,
				3E0CBCE04FB932D1E4C94509 /* Pods-Swift4Playground.release.xcconfig */,
				221F8F7207A63012DD98D44B /* Pods-Swift4PlaygroundTests.debug.xcconfig */,
				6378ED96F1618D5F7F466E80 /* Pods-Swift4PlaygroundTests.release.xcconfig */,
				9FA9454FC337925F47F1EFD9 /* Pods-Swift4PlaygroundUITests.debug.xcconfig */,
				91CA2FB4EE4623451991B252 /* Pods-Swift4PlaygroundUITests.release.xcconfig */,
			);
			name = Pods;
			sourceTree = "<group>";
		};
/* End PBXGroup section */

/* Begin PBXNativeTarget section */
		1E484A4F1FBD18A3009D32DD /* Swift4Playground */ = {
			isa = PBXNativeTarget;
			buildConfigurationList = 1E484A781FBD18A4009D32DD /* Build configuration list for PBXNativeTarget "Swift4Playground" */;
			buildPhases = (
				9D32146E637D940C5C52DE03 /* [CP] Check Pods Manifest.lock */,
				1E484A4C1FBD18A3009D32DD /* Sources */,
				1E484A4D1FBD18A3009D32DD /* Frameworks */,
				1E484A4E1FBD18A3009D32DD /* Resources */,
				95FCA8FC469C6F03CCF2C3BA /* [CP] Embed Pods Frameworks */,
				C5B86F4502F8D906D9C49586 /* [CP] Copy Pods Resources */,
			);
			buildRules = (
			);
			dependencies = (
			);
			name = Swift4Playground;
			productName = Swift4Playground;
			productReference = 1E484A501FBD18A3009D32DD /* Swift4Playground.app */;
			productType = "com.apple.product-type.application";
		};
		1E484A631FBD18A4009D32DD /* Swift4PlaygroundTests */ = {
			isa = PBXNativeTarget;
			buildConfigurationList = 1E484A7B1FBD18A4009D32DD /* Build configuration list for PBXNativeTarget "Swift4PlaygroundTests" */;
			buildPhases = (
				5470C9EDECE633C7354DA275 /* [CP] Check Pods Manifest.lock */,
				1E484A601FBD18A4009D32DD /* Sources */,
				1E484A611FBD18A4009D32DD /* Frameworks */,
				1E484A621FBD18A4009D32DD /* Resources */,
				A163DFA8B6EC0467BB6372FB /* [CP] Embed Pods Frameworks */,
				76BFD1A625CF5D74345EB4E7 /* [CP] Copy Pods Resources */,
			);
			buildRules = (
			);
			dependencies = (
				1E484A661FBD18A4009D32DD /* PBXTargetDependency */,
			);
			name = Swift4PlaygroundTests;
			productName = Swift4PlaygroundTests;
			productReference = 1E484A641FBD18A4009D32DD /* Swift4PlaygroundTests.xctest */;
			productType = "com.apple.product-type.bundle.unit-test";
		};
		1E484A6E1FBD18A4009D32DD /* Swift4PlaygroundUITests */ = {
			isa = PBXNativeTarget;
			buildConfigurationList = 1E484A7E1FBD18A4009D32DD /* Build configuration list for PBXNativeTarget "Swift4PlaygroundUITests" */;
			buildPhases = (
				BD6F7EE8FB7960152F2791C5 /* [CP] Check Pods Manifest.lock */,
				1E484A6B1FBD18A4009D32DD /* Sources */,
				1E484A6C1FBD18A4009D32DD /* Frameworks */,
				1E484A6D1FBD18A4009D32DD /* Resources */,
				805F7EE671DE33FB12E686F3 /* [CP] Embed Pods Frameworks */,
				9004B190B6D6C5483202FB9A /* [CP] Copy Pods Resources */,
			);
			buildRules = (
			);
			dependencies = (
				1E484A711FBD18A4009D32DD /* PBXTargetDependency */,
			);
			name = Swift4PlaygroundUITests;
			productName = Swift4PlaygroundUITests;
			productReference = 1E484A6F1FBD18A4009D32DD /* Swift4PlaygroundUITests.xctest */;
			productType = "com.apple.product-type.bundle.ui-testing";
		};
/* End PBXNativeTarget section */

/* Begin PBXProject section */
		1E484A481FBD18A3009D32DD /* Project object */ = {
			isa = PBXProject;
			attributes = {
				LastSwiftUpdateCheck = 0910;
				LastUpgradeCheck = 0910;
				ORGANIZATIONNAME = "Munesada Yohei";
				TargetAttributes = {
					1E484A4F1FBD18A3009D32DD = {
						CreatedOnToolsVersion = 9.1;
						ProvisioningStyle = Automatic;
					};
					1E484A631FBD18A4009D32DD = {
						CreatedOnToolsVersion = 9.1;
						ProvisioningStyle = Automatic;
						TestTargetID = 1E484A4F1FBD18A3009D32DD;
					};
					1E484A6E1FBD18A4009D32DD = {
						CreatedOnToolsVersion = 9.1;
						ProvisioningStyle = Automatic;
						TestTargetID = 1E484A4F1FBD18A3009D32DD;
					};
				};
			};
			buildConfigurationList = 1E484A4B1FBD18A3009D32DD /* Build configuration list for PBXProject "Swift4Playground" */;
			compatibilityVersion = "Xcode 8.0";
			developmentRegion = en;
			hasScannedForEncodings = 0;
			knownRegions = (
				en,
				Base,
			);
			mainGroup = 1E484A471FBD18A3009D32DD;
			productRefGroup = 1E484A511FBD18A3009D32DD /* Products */;
			projectDirPath = "";
			projectRoot = "";
			targets = (
				1E484A4F1FBD18A3009D32DD /* Swift4Playground */,
				1E484A631FBD18A4009D32DD /* Swift4PlaygroundTests */,
				1E484A6E1FBD18A4009D32DD /* Swift4PlaygroundUITests */,
			);
		};
/* End PBXProject section */

/* Begin PBXResourcesBuildPhase section */
		1E484A4E1FBD18A3009D32DD /* Resources */ = {
			isa = PBXResourcesBuildPhase;
			buildActionMask = 2147483647;
			files = (
				1E484A5E1FBD18A3009D32DD /* LaunchScreen.storyboard in Resources */,
				1E484A5B1FBD18A3009D32DD /* Assets.xcassets in Resources */,
				1E484A591FBD18A3009D32DD /* Main.storyboard in Resources */,
			);
			runOnlyForDeploymentPostprocessing = 0;
		};
		1E484A621FBD18A4009D32DD /* Resources */ = {
			isa = PBXResourcesBuildPhase;
			buildActionMask = 2147483647;
			files = (
			);
			runOnlyForDeploymentPostprocessing = 0;
		};
		1E484A6D1FBD18A4009D32DD /* Resources */ = {
			isa = PBXResourcesBuildPhase;
			buildActionMask = 2147483647;
			files = (
			);
			runOnlyForDeploymentPostprocessing = 0;
		};
/* End PBXResourcesBuildPhase section */

/* Begin PBXShellScriptBuildPhase section */
		5470C9EDECE633C7354DA275 /* [CP] Check Pods Manifest.lock */ = {
			isa = PBXShellScriptBuildPhase;
			buildActionMask = 2147483647;
			files = (
			);
			inputPaths = (
				"${PODS_PODFILE_DIR_PATH}/Podfile.lock",
				"${PODS_ROOT}/Manifest.lock",
			);
			name = "[CP] Check Pods Manifest.lock";
			outputPaths = (
				"$(DERIVED_FILE_DIR)/Pods-Swift4PlaygroundTests-checkManifestLockResult.txt",
			);
			runOnlyForDeploymentPostprocessing = 0;
			shellPath = /bin/sh;
			shellScript = "diff \"${PODS_PODFILE_DIR_PATH}/Podfile.lock\" \"${PODS_ROOT}/Manifest.lock\" > /dev/null\nif [ $? != 0 ] ; then\n    # print error to STDERR\n    echo \"error: The sandbox is not in sync with the Podfile.lock. Run 'pod install' or update your CocoaPods installation.\" >&2\n    exit 1\nfi\n# This output is used by Xcode 'outputs' to avoid re-running this script phase.\necho \"SUCCESS\" > \"${SCRIPT_OUTPUT_FILE_0}\"\n";
			showEnvVarsInLog = 0;
		};
		76BFD1A625CF5D74345EB4E7 /* [CP] Copy Pods Resources */ = {
			isa = PBXShellScriptBuildPhase;
			buildActionMask = 2147483647;
			files = (
			);
			inputPaths = (
			);
			name = "[CP] Copy Pods Resources";
			outputPaths = (
			);
			runOnlyForDeploymentPostprocessing = 0;
			shellPath = /bin/sh;
			shellScript = "\"${SRCROOT}/Pods/Target Support Files/Pods-Swift4PlaygroundTests/Pods-Swift4PlaygroundTests-resources.sh\"\n";
			showEnvVarsInLog = 0;
		};
		805F7EE671DE33FB12E686F3 /* [CP] Embed Pods Frameworks */ = {
			isa = PBXShellScriptBuildPhase;
			buildActionMask = 2147483647;
			files = (
			);
			inputPaths = (
			);
			name = "[CP] Embed Pods Frameworks";
			outputPaths = (
			);
			runOnlyForDeploymentPostprocessing = 0;
			shellPath = /bin/sh;
			shellScript = "\"${SRCROOT}/Pods/Target Support Files/Pods-Swift4PlaygroundUITests/Pods-Swift4PlaygroundUITests-frameworks.sh\"\n";
			showEnvVarsInLog = 0;
		};
		9004B190B6D6C5483202FB9A /* [CP] Copy Pods Resources */ = {
			isa = PBXShellScriptBuildPhase;
			buildActionMask = 2147483647;
			files = (
			);
			inputPaths = (
			);
			name = "[CP] Copy Pods Resources";
			outputPaths = (
			);
			runOnlyForDeploymentPostprocessing = 0;
			shellPath = /bin/sh;
			shellScript = "\"${SRCROOT}/Pods/Target Support Files/Pods-Swift4PlaygroundUITests/Pods-Swift4PlaygroundUITests-resources.sh\"\n";
			showEnvVarsInLog = 0;
		};
		95FCA8FC469C6F03CCF2C3BA /* [CP] Embed Pods Frameworks */ = {
			isa = PBXShellScriptBuildPhase;
			buildActionMask = 2147483647;
			files = (
			);
			inputPaths = (
				"${SRCROOT}/Pods/Target Support Files/Pods-Swift4Playground/Pods-Swift4Playground-frameworks.sh",
				"${BUILT_PRODUCTS_DIR}/Alamofire/Alamofire.framework",
			);
			name = "[CP] Embed Pods Frameworks";
			outputPaths = (
				"${TARGET_BUILD_DIR}/${FRAMEWORKS_FOLDER_PATH}/Alamofire.framework",
			);
			runOnlyForDeploymentPostprocessing = 0;
			shellPath = /bin/sh;
			shellScript = "\"${SRCROOT}/Pods/Target Support Files/Pods-Swift4Playground/Pods-Swift4Playground-frameworks.sh\"\n";
			showEnvVarsInLog = 0;
		};
		9D32146E637D940C5C52DE03 /* [CP] Check Pods Manifest.lock */ = {
			isa = PBXShellScriptBuildPhase;
			buildActionMask = 2147483647;
			files = (
			);
			inputPaths = (
				"${PODS_PODFILE_DIR_PATH}/Podfile.lock",
				"${PODS_ROOT}/Manifest.lock",
			);
			name = "[CP] Check Pods Manifest.lock";
			outputPaths = (
				"$(DERIVED_FILE_DIR)/Pods-Swift4Playground-checkManifestLockResult.txt",
			);
			runOnlyForDeploymentPostprocessing = 0;
			shellPath = /bin/sh;
			shellScript = "diff \"${PODS_PODFILE_DIR_PATH}/Podfile.lock\" \"${PODS_ROOT}/Manifest.lock\" > /dev/null\nif [ $? != 0 ] ; then\n    # print error to STDERR\n    echo \"error: The sandbox is not in sync with the Podfile.lock. Run 'pod install' or update your CocoaPods installation.\" >&2\n    exit 1\nfi\n# This output is used by Xcode 'outputs' to avoid re-running this script phase.\necho \"SUCCESS\" > \"${SCRIPT_OUTPUT_FILE_0}\"\n";
			showEnvVarsInLog = 0;
		};
		A163DFA8B6EC0467BB6372FB /* [CP] Embed Pods Frameworks */ = {
			isa = PBXShellScriptBuildPhase;
			buildActionMask = 2147483647;
			files = (
			);
			inputPaths = (
			);
			name = "[CP] Embed Pods Frameworks";
			outputPaths = (
			);
			runOnlyForDeploymentPostprocessing = 0;
			shellPath = /bin/sh;
			shellScript = "\"${SRCROOT}/Pods/Target Support Files/Pods-Swift4PlaygroundTests/Pods-Swift4PlaygroundTests-frameworks.sh\"\n";
			showEnvVarsInLog = 0;
		};
		BD6F7EE8FB7960152F2791C5 /* [CP] Check Pods Manifest.lock */ = {
			isa = PBXShellScriptBuildPhase;
			buildActionMask = 2147483647;
			files = (
			);
			inputPaths = (
				"${PODS_PODFILE_DIR_PATH}/Podfile.lock",
				"${PODS_ROOT}/Manifest.lock",
			);
			name = "[CP] Check Pods Manifest.lock";
			outputPaths = (
				"$(DERIVED_FILE_DIR)/Pods-Swift4PlaygroundUITests-checkManifestLockResult.txt",
			);
			runOnlyForDeploymentPostprocessing = 0;
			shellPath = /bin/sh;
			shellScript = "diff \"${PODS_PODFILE_DIR_PATH}/Podfile.lock\" \"${PODS_ROOT}/Manifest.lock\" > /dev/null\nif [ $? != 0 ] ; then\n    # print error to STDERR\n    echo \"error: The sandbox is not in sync with the Podfile.lock. Run 'pod install' or update your CocoaPods installation.\" >&2\n    exit 1\nfi\n# This output is used by Xcode 'outputs' to avoid re-running this script phase.\necho \"SUCCESS\" > \"${SCRIPT_OUTPUT_FILE_0}\"\n";
			showEnvVarsInLog = 0;
		};
		C5B86F4502F8D906D9C49586 /* [CP] Copy Pods Resources */ = {
			isa = PBXShellScriptBuildPhase;
			buildActionMask = 2147483647;
			files = (
			);
			inputPaths = (
			);
			name = "[CP] Copy Pods Resources";
			outputPaths = (
			);
			runOnlyForDeploymentPostprocessing = 0;
			shellPath = /bin/sh;
			shellScript = "\"${SRCROOT}/Pods/Target Support Files/Pods-Swift4Playground/Pods-Swift4Playground-resources.sh\"\n";
			showEnvVarsInLog = 0;
		};
/* End PBXShellScriptBuildPhase section */

/* Begin PBXSourcesBuildPhase section */
		1E484A4C1FBD18A3009D32DD /* Sources */ = {
			isa = PBXSourcesBuildPhase;
			buildActionMask = 2147483647;
			files = (
				1E484A561FBD18A3009D32DD /* ViewController.swift in Sources */,
				1E484A541FBD18A3009D32DD /* AppDelegate.swift in Sources */,
			);
			runOnlyForDeploymentPostprocessing = 0;
		};
		1E484A601FBD18A4009D32DD /* Sources */ = {
			isa = PBXSourcesBuildPhase;
			buildActionMask = 2147483647;
			files = (
				1E484A691FBD18A4009D32DD /* Swift4PlaygroundTests.swift in Sources */,
			);
			runOnlyForDeploymentPostprocessing = 0;
		};
		1E484A6B1FBD18A4009D32DD /* Sources */ = {
			isa = PBXSourcesBuildPhase;
			buildActionMask = 2147483647;
			files = (
				1E484A741FBD18A4009D32DD /* Swift4PlaygroundUITests.swift in Sources */,
			);
			runOnlyForDeploymentPostprocessing = 0;
		};
/* End PBXSourcesBuildPhase section */

/* Begin PBXTargetDependency section */
		1E484A661FBD18A4009D32DD /* PBXTargetDependency */ = {
			isa = PBXTargetDependency;
			target = 1E484A4F1FBD18A3009D32DD /* Swift4Playground */;
			targetProxy = 1E484A651FBD18A4009D32DD /* PBXContainerItemProxy */;
		};
		1E484A711FBD18A4009D32DD /* PBXTargetDependency */ = {
			isa = PBXTargetDependency;
			target = 1E484A4F1FBD18A3009D32DD /* Swift4Playground */;
			targetProxy = 1E484A701FBD18A4009D32DD /* PBXContainerItemProxy */;
		};
/* End PBXTargetDependency section */

/* Begin PBXVariantGroup section */
		1E484A571FBD18A3009D32DD /* Main.storyboard */ = {
			isa = PBXVariantGroup;
			children = (
				1E484A581FBD18A3009D32DD /* Base */,
			);
			name = Main.storyboard;
			sourceTree = "<group>";
		};
		1E484A5C1FBD18A3009D32DD /* LaunchScreen.storyboard */ = {
			isa = PBXVariantGroup;
			children = (
				1E484A5D1FBD18A3009D32DD /* Base */,
			);
			name = LaunchScreen.storyboard;
			sourceTree = "<group>";
		};
/* End PBXVariantGroup section */

/* Begin XCBuildConfiguration section */
		1E484A761FBD18A4009D32DD /* Debug */ = {
			isa = XCBuildConfiguration;
			buildSettings = {
				ALWAYS_SEARCH_USER_PATHS = NO;
				CLANG_ANALYZER_NONNULL = YES;
				CLANG_ANALYZER_NUMBER_OBJECT_CONVERSION = YES_AGGRESSIVE;
				CLANG_CXX_LANGUAGE_STANDARD = "gnu++14";
				CLANG_CXX_LIBRARY = "libc++";
				CLANG_ENABLE_MODULES = YES;
				CLANG_ENABLE_OBJC_ARC = YES;
				CLANG_WARN_BLOCK_CAPTURE_AUTORELEASING = YES;
				CLANG_WARN_BOOL_CONVERSION = YES;
				CLANG_WARN_COMMA = YES;
				CLANG_WARN_CONSTANT_CONVERSION = YES;
				CLANG_WARN_DIRECT_OBJC_ISA_USAGE = YES_ERROR;
				CLANG_WARN_DOCUMENTATION_COMMENTS = YES;
				CLANG_WARN_EMPTY_BODY = YES;
				CLANG_WARN_ENUM_CONVERSION = YES;
				CLANG_WARN_INFINITE_RECURSION = YES;
				CLANG_WARN_INT_CONVERSION = YES;
				CLANG_WARN_NON_LITERAL_NULL_CONVERSION = YES;
				CLANG_WARN_OBJC_LITERAL_CONVERSION = YES;
				CLANG_WARN_OBJC_ROOT_CLASS = YES_ERROR;
				CLANG_WARN_RANGE_LOOP_ANALYSIS = YES;
				CLANG_WARN_STRICT_PROTOTYPES = YES;
				CLANG_WARN_SUSPICIOUS_MOVE = YES;
				CLANG_WARN_UNGUARDED_AVAILABILITY = YES_AGGRESSIVE;
				CLANG_WARN_UNREACHABLE_CODE = YES;
				CLANG_WARN__DUPLICATE_METHOD_MATCH = YES;
				CODE_SIGN_IDENTITY = "iPhone Developer";
				COPY_PHASE_STRIP = NO;
				DEBUG_INFORMATION_FORMAT = dwarf;
				ENABLE_STRICT_OBJC_MSGSEND = YES;
				ENABLE_TESTABILITY = YES;
				GCC_C_LANGUAGE_STANDARD = gnu11;
				GCC_DYNAMIC_NO_PIC = NO;
				GCC_NO_COMMON_BLOCKS = YES;
				GCC_OPTIMIZATION_LEVEL = 0;
				GCC_PREPROCESSOR_DEFINITIONS = (
					"DEBUG=1",
					"$(inherited)",
				);
				GCC_WARN_64_TO_32_BIT_CONVERSION = YES;
				GCC_WARN_ABOUT_RETURN_TYPE = YES_ERROR;
				GCC_WARN_UNDECLARED_SELECTOR = YES;
				GCC_WARN_UNINITIALIZED_AUTOS = YES_AGGRESSIVE;
				GCC_WARN_UNUSED_FUNCTION = YES;
				GCC_WARN_UNUSED_VARIABLE = YES;
				IPHONEOS_DEPLOYMENT_TARGET = 11.1;
				MTL_ENABLE_DEBUG_INFO = YES;
				ONLY_ACTIVE_ARCH = YES;
				SDKROOT = iphoneos;
				SWIFT_ACTIVE_COMPILATION_CONDITIONS = DEBUG;
				SWIFT_OPTIMIZATION_LEVEL = "-Onone";
			};
			name = Debug;
		};
		1E484A771FBD18A4009D32DD /* Release */ = {
			isa = XCBuildConfiguration;
			buildSettings = {
				ALWAYS_SEARCH_USER_PATHS = NO;
				CLANG_ANALYZER_NONNULL = YES;
				CLANG_ANALYZER_NUMBER_OBJECT_CONVERSION = YES_AGGRESSIVE;
				CLANG_CXX_LANGUAGE_STANDARD = "gnu++14";
				CLANG_CXX_LIBRARY = "libc++";
				CLANG_ENABLE_MODULES = YES;
				CLANG_ENABLE_OBJC_ARC = YES;
				CLANG_WARN_BLOCK_CAPTURE_AUTORELEASING = YES;
				CLANG_WARN_BOOL_CONVERSION = YES;
				CLANG_WARN_COMMA = YES;
				CLANG_WARN_CONSTANT_CONVERSION = YES;
				CLANG_WARN_DIRECT_OBJC_ISA_USAGE = YES_ERROR;
				CLANG_WARN_DOCUMENTATION_COMMENTS = YES;
				CLANG_WARN_EMPTY_BODY = YES;
				CLANG_WARN_ENUM_CONVERSION = YES;
				CLANG_WARN_INFINITE_RECURSION = YES;
				CLANG_WARN_INT_CONVERSION = YES;
				CLANG_WARN_NON_LITERAL_NULL_CONVERSION = YES;
				CLANG_WARN_OBJC_LITERAL_CONVERSION = YES;
				CLANG_WARN_OBJC_ROOT_CLASS = YES_ERROR;
				CLANG_WARN_RANGE_LOOP_ANALYSIS = YES;
				CLANG_WARN_STRICT_PROTOTYPES = YES;
				CLANG_WARN_SUSPICIOUS_MOVE = YES;
				CLANG_WARN_UNGUARDED_AVAILABILITY = YES_AGGRESSIVE;
				CLANG_WARN_UNREACHABLE_CODE = YES;
				CLANG_WARN__DUPLICATE_METHOD_MATCH = YES;
				CODE_SIGN_IDENTITY = "iPhone Developer";
				COPY_PHASE_STRIP = NO;
				DEBUG_INFORMATION_FORMAT = "dwarf-with-dsym";
				ENABLE_NS_ASSERTIONS = NO;
				ENABLE_STRICT_OBJC_MSGSEND = YES;
				GCC_C_LANGUAGE_STANDARD = gnu11;
				GCC_NO_COMMON_BLOCKS = YES;
				GCC_WARN_64_TO_32_BIT_CONVERSION = YES;
				GCC_WARN_ABOUT_RETURN_TYPE = YES_ERROR;
				GCC_WARN_UNDECLARED_SELECTOR = YES;
				GCC_WARN_UNINITIALIZED_AUTOS = YES_AGGRESSIVE;
				GCC_WARN_UNUSED_FUNCTION = YES;
				GCC_WARN_UNUSED_VARIABLE = YES;
				IPHONEOS_DEPLOYMENT_TARGET = 11.1;
				MTL_ENABLE_DEBUG_INFO = NO;
				SDKROOT = iphoneos;
				SWIFT_OPTIMIZATION_LEVEL = "-Owholemodule";
				VALIDATE_PRODUCT = YES;
			};
			name = Release;
		};
		1E484A791FBD18A4009D32DD /* Debug */ = {
			isa = XCBuildConfiguration;
			baseConfigurationReference = 2986BEDA6668F1244AADFEE4 /* Pods-Swift4Playground.debug.xcconfig */;
			buildSettings = {
				ASSETCATALOG_COMPILER_APPICON_NAME = AppIcon;
				CODE_SIGN_STYLE = Automatic;
				DEVELOPMENT_TEAM = 4T8AA29M65;
				INFOPLIST_FILE = Swift4Playground/Info.plist;
				LD_RUNPATH_SEARCH_PATHS = "$(inherited) @executable_path/Frameworks";
				PRODUCT_BUNDLE_IDENTIFIER = net.yoheim.www.Swift4Playground;
				PRODUCT_NAME = "$(TARGET_NAME)";
				SWIFT_VERSION = 4.0;
				TARGETED_DEVICE_FAMILY = "1,2";
			};
			name = Debug;
		};
		1E484A7A1FBD18A4009D32DD /* Release */ = {
			isa = XCBuildConfiguration;
			baseConfigurationReference = 3E0CBCE04FB932D1E4C94509 /* Pods-Swift4Playground.release.xcconfig */;
			buildSettings = {
				ASSETCATALOG_COMPILER_APPICON_NAME = AppIcon;
				CODE_SIGN_STYLE = Automatic;
				DEVELOPMENT_TEAM = 4T8AA29M65;
				INFOPLIST_FILE = Swift4Playground/Info.plist;
				LD_RUNPATH_SEARCH_PATHS = "$(inherited) @executable_path/Frameworks";
				PRODUCT_BUNDLE_IDENTIFIER = net.yoheim.www.Swift4Playground;
				PRODUCT_NAME = "$(TARGET_NAME)";
				SWIFT_VERSION = 4.0;
				TARGETED_DEVICE_FAMILY = "1,2";
			};
			name = Release;
		};
		1E484A7C1FBD18A4009D32DD /* Debug */ = {
			isa = XCBuildConfiguration;
			baseConfigurationReference = 221F8F7207A63012DD98D44B /* Pods-Swift4PlaygroundTests.debug.xcconfig */;
			buildSettings = {
				ALWAYS_EMBED_SWIFT_STANDARD_LIBRARIES = YES;
				BUNDLE_LOADER = "$(TEST_HOST)";
				CODE_SIGN_STYLE = Automatic;
				DEVELOPMENT_TEAM = 4T8AA29M65;
				INFOPLIST_FILE = Swift4PlaygroundTests/Info.plist;
				LD_RUNPATH_SEARCH_PATHS = "$(inherited) @executable_path/Frameworks @loader_path/Frameworks";
				PRODUCT_BUNDLE_IDENTIFIER = net.yoheim.www.Swift4PlaygroundTests;
				PRODUCT_NAME = "$(TARGET_NAME)";
				SWIFT_VERSION = 4.0;
				TARGETED_DEVICE_FAMILY = "1,2";
				TEST_HOST = "$(BUILT_PRODUCTS_DIR)/Swift4Playground.app/Swift4Playground";
			};
			name = Debug;
		};
		1E484A7D1FBD18A4009D32DD /* Release */ = {
			isa = XCBuildConfiguration;
			baseConfigurationReference = 6378ED96F1618D5F7F466E80 /* Pods-Swift4PlaygroundTests.release.xcconfig */;
			buildSettings = {
				ALWAYS_EMBED_SWIFT_STANDARD_LIBRARIES = YES;
				BUNDLE_LOADER = "$(TEST_HOST)";
				CODE_SIGN_STYLE = Automatic;
				DEVELOPMENT_TEAM = 4T8AA29M65;
				INFOPLIST_FILE = Swift4PlaygroundTests/Info.plist;
				LD_RUNPATH_SEARCH_PATHS = "$(inherited) @executable_path/Frameworks @loader_path/Frameworks";
				PRODUCT_BUNDLE_IDENTIFIER = net.yoheim.www.Swift4PlaygroundTests;
				PRODUCT_NAME = "$(TARGET_NAME)";
				SWIFT_VERSION = 4.0;
				TARGETED_DEVICE_FAMILY = "1,2";
				TEST_HOST = "$(BUILT_PRODUCTS_DIR)/Swift4Playground.app/Swift4Playground";
			};
			name = Release;
		};
		1E484A7F1FBD18A4009D32DD /* Debug */ = {
			isa = XCBuildConfiguration;
			baseConfigurationReference = 9FA9454FC337925F47F1EFD9 /* Pods-Swift4PlaygroundUITests.debug.xcconfig */;
			buildSettings = {
				ALWAYS_EMBED_SWIFT_STANDARD_LIBRARIES = YES;
				CODE_SIGN_STYLE = Automatic;
				DEVELOPMENT_TEAM = 4T8AA29M65;
				INFOPLIST_FILE = Swift4PlaygroundUITests/Info.plist;
				LD_RUNPATH_SEARCH_PATHS = "$(inherited) @executable_path/Frameworks @loader_path/Frameworks";
				PRODUCT_BUNDLE_IDENTIFIER = net.yoheim.www.Swift4PlaygroundUITests;
				PRODUCT_NAME = "$(TARGET_NAME)";
				SWIFT_VERSION = 4.0;
				TARGETED_DEVICE_FAMILY = "1,2";
				TEST_TARGET_NAME = Swift4Playground;
			};
			name = Debug;
		};
		1E484A801FBD18A4009D32DD /* Release */ = {
			isa = XCBuildConfiguration;
			baseConfigurationReference = 91CA2FB4EE4623451991B252 /* Pods-Swift4PlaygroundUITests.release.xcconfig */;
			buildSettings = {
				ALWAYS_EMBED_SWIFT_STANDARD_LIBRARIES = YES;
				CODE_SIGN_STYLE = Automatic;
				DEVELOPMENT_TEAM = 4T8AA29M65;
				INFOPLIST_FILE = Swift4PlaygroundUITests/Info.plist;
				LD_RUNPATH_SEARCH_PATHS = "$(inherited) @executable_path/Frameworks @loader_path/Frameworks";
				PRODUCT_BUNDLE_IDENTIFIER = net.yoheim.www.Swift4PlaygroundUITests;
				PRODUCT_NAME = "$(TARGET_NAME)";
				SWIFT_VERSION = 4.0;
				TARGETED_DEVICE_FAMILY = "1,2";
				TEST_TARGET_NAME = Swift4Playground;
			};
			name = Release;
		};
/* End XCBuildConfiguration section */

/* Begin XCConfigurationList section */
		1E484A4B1FBD18A3009D32DD /* Build configuration list for PBXProject "Swift4Playground" */ = {
			isa = XCConfigurationList;
			buildConfigurations = (
				1E484A761FBD18A4009D32DD /* Debug */,
				1E484A771FBD18A4009D32DD /* Release */,
			);
			defaultConfigurationIsVisible = 0;
			defaultConfigurationName = Release;
		};
		1E484A781FBD18A4009D32DD /* Build configuration list for PBXNativeTarget "Swift4Playground" */ = {
			isa = XCConfigurationList;
			buildConfigurations = (
				1E484A791FBD18A4009D32DD /* Debug */,
				1E484A7A1FBD18A4009D32DD /* Release */,
			);
			defaultConfigurationIsVisible = 0;
			defaultConfigurationName = Release;
		};
		1E484A7B1FBD18A4009D32DD /* Build configuration list for PBXNativeTarget "Swift4PlaygroundTests" */ = {
			isa = XCConfigurationList;
			buildConfigurations = (
				1E484A7C1FBD18A4009D32DD /* Debug */,
				1E484A7D1FBD18A4009D32DD /* Release */,
			);
			defaultConfigurationIsVisible = 0;
			defaultConfigurationName = Release;
		};
		1E484A7E1FBD18A4009D32DD /* Build configuration list for PBXNativeTarget "Swift4PlaygroundUITests" */ = {
			isa = XCConfigurationList;
			buildConfigurations = (
				1E484A7F1FBD18A4009D32DD /* Debug */,
				1E484A801FBD18A4009D32DD /* Release */,
			);
			defaultConfigurationIsVisible = 0;
			defaultConfigurationName = Release;
		};
/* End XCConfigurationList section */
	};
	rootObject = 1E484A481FBD18A3009D32DD /* Project object */;
}
